<?xml version="1.0" encoding="utf-8"?>
<Project ToolsVersion="4.0" xmlns="http://schemas.microsoft.com/developer/msbuild/2003">
  <ItemGroup>
    <ClCompile Include="bubble-sort.cpp" />
    <ClCompile Include="shaker-sort.cpp" />
    <ClCompile Include="heap_sort.cpp" />
    <ClCompile Include="selection_sort.cpp" />
    <ClCompile Include="Source.cpp" />
    <ClCompile Include="utility.cpp" />
    <ClCompile Include="counting_sort.cpp" />
    <ClCompile Include="radix_sort.cpp" />
    <ClCompile Include="merge_sort.cpp" />
    <ClCompile Include="insertion_sort.cpp" />
    <ClCompile Include="flash_sort.cpp" />
    <ClCompile Include="DataGenerator.cpp" />
  </ItemGroup>
  <ItemGroup>
    <ClInclude Include="Header.h" />
  </ItemGroup>
</Project>